
Microsoft Visual Studio Solution File, Format Version 12.00
# Visual Studio Version 16
VisualStudioVersion = 16.0.31702.278
MinimumVisualStudioVersion = 10.0.40219.1
Project("{FAE04EC0-301F-11D3-BF4B-00C04F79EFBC}") = "WebAPI", "WebAPI\WebAPI.csproj", "{DB5F7E28-786B-438F-A2DD-5F20B176ECE4}"
EndProject
Project("{FAE04EC0-301F-11D3-BF4B-00C04F79EFBC}") = "WebAPI.Tests", "WebAPI.Tests\WebAPI.Tests.csproj", "{9DC7E834-3858-4566-933C-0E4A9249D34E}"
EndProject
Global
	GlobalSection(SolutionConfigurationPlatforms) = preSolution
		Debug|Any CPU = Debug|Any CPU
		Release|Any CPU = Release|Any CPU
	EndGlobalSection
	GlobalSection(ProjectConfigurationPlatforms) = postSolution
		{DB5F7E28-786B-438F-A2DD-5F20B176ECE4}.Debug|Any CPU.ActiveCfg = Debug|Any CPU
		{DB5F7E28-786B-438F-A2DD-5F20B176ECE4}.Debug|Any CPU.Build.0 = Debug|Any CPU
		{DB5F7E28-786B-438F-A2DD-5F20B176ECE4}.Release|Any CPU.ActiveCfg = Release|Any CPU
		{DB5F7E28-786B-438F-A2DD-5F20B176ECE4}.Release|Any CPU.Build.0 = Release|Any CPU
		{9DC7E834-3858-4566-933C-0E4A9249D34E}.Debug|Any CPU.ActiveCfg = Debug|Any CPU
		{9DC7E834-3858-4566-933C-0E4A9249D34E}.Debug|Any CPU.Build.0 = Debug|Any CPU
		{9DC7E834-3858-4566-933C-0E4A9249D34E}.Release|Any CPU.ActiveCfg = Release|Any CPU
		{9DC7E834-3858-4566-933C-0E4A9249D34E}.Release|Any CPU.Build.0 = Release|Any CPU
	EndGlobalSection
	GlobalSection(SolutionProperties) = preSolution
		HideSolutionNode = FALSE
	EndGlobalSection
	GlobalSection(ExtensibilityGlobals) = postSolution
		SolutionGuid = {ECEAB2D4-A4D1-4BCB-AC2C-3736A4D05666}
	EndGlobalSection
EndGlobal
